<?xml version="1.0" encoding="utf-8"?>
<Project ToolsVersion="4.0" xmlns="http://schemas.microsoft.com/developer/msbuild/2003">
  <ItemGroup>
    <Filter Include="Source Files">
      <UniqueIdentifier>{4FC737F1-C7A5-4376-A066-2A32D752A2FF}</UniqueIdentifier>
      <Extensions>cpp;c;cc;cxx;c++;def;odl;idl;hpj;bat;asm;asmx</Extensions>
    </Filter>
    <Filter Include="Header Files">
      <UniqueIdentifier>{93995380-89BD-4b04-88EB-625FBE52EBFB}</UniqueIdentifier>
      <Extensions>h;hh;hpp;hxx;h++;hm;inl;inc;ipp;xsd</Extensions>
    </Filter>
    <Filter Include="Resource Files">
      <UniqueIdentifier>{67DA6AB6-F800-4c08-8B7A-83BB121AAD01}</UniqueIdentifier>
      <Extensions>rc;ico;cur;bmp;dlg;rc2;rct;bin;rgs;gif;jpg;jpeg;jpe;resx;tiff;tif;png;wav;mfcribbon-ms</Extensions>
    </Filter>
    <Filter Include="Header Files\Events">
      <UniqueIdentifier>{dee3ef1d-234c-4b39-8658-7e74e41f6461}</UniqueIdentifier>
    </Filter>
    <Filter Include="Header Files\Upgrades">
      <UniqueIdentifier>{f7dc8aac-a78b-43e9-b94f-47ecfac78558}</UniqueIdentifier>
    </Filter>
    <Filter Include="Source Files\Events">
      <UniqueIdentifier>{ceeacc08-0587-4b45-bca1-f93f5bf44b2b}</UniqueIdentifier>
    </Filter>
    <Filter Include="Source Files\Upgrades">
      <UniqueIdentifier>{3ab62f45-bb1f-4d78-b599-f9c5a1620aca}</UniqueIdentifier>
    </Filter>
  </ItemGroup>
  <ItemGroup>
    <ClCompile Include="DisplayConstants.cpp">
      <Filter>Source Files</Filter>
    </ClCompile>
    <ClCompile Include="Stats.cpp">
      <Filter>Source Files</Filter>
    </ClCompile>
    <ClCompile Include="UpgradeType.cpp">
      <Filter>Source Files</Filter>
    </ClCompile>
    <ClCompile Include="OnShop.cpp">
      <Filter>Source Files\Events</Filter>
    </ClCompile>
    <ClCompile Include="JInclude.cpp">
      <Filter>Source Files</Filter>
    </ClCompile>
    <ClCompile Include="OnAction.cpp">
      <Filter>Source Files\Events</Filter>
    </ClCompile>
    <ClCompile Include="OnPlay.cpp">
      <Filter>Source Files\Events</Filter>
    </ClCompile>
    <ClCompile Include="EventManager.cpp">
      <Filter>Source Files\Events</Filter>
    </ClCompile>
    <ClCompile Include="Main.cpp">
      <Filter>Source Files</Filter>
    </ClCompile>
    <ClCompile Include="FirstTry.cpp">
      <Filter>Source Files\Upgrades</Filter>
    </ClCompile>
  </ItemGroup>
  <ItemGroup>
    <ClInclude Include="CalculatedValue.h">
      <Filter>Header Files</Filter>
    </ClInclude>
    <ClInclude Include="OnPlay.h">
      <Filter>Header Files\Events</Filter>
    </ClInclude>
    <ClInclude Include="OnShop.h">
      <Filter>Header Files\Events</Filter>
    </ClInclude>
    <ClInclude Include="OnAction.h">
      <Filter>Header Files\Events</Filter>
    </ClInclude>
    <ClInclude Include="EventList.h">
      <Filter>Header Files\Events</Filter>
    </ClInclude>
    <ClInclude Include="Stats.h">
      <Filter>Header Files</Filter>
    </ClInclude>
    <ClInclude Include="UpgradeType.h">
      <Filter>Header Files</Filter>
    </ClInclude>
    <ClInclude Include="DoubleMax.h">
      <Filter>Header Files\Upgrades</Filter>
    </ClInclude>
    <ClInclude Include="IncreaseCredsPerRound.h">
      <Filter>Header Files\Upgrades</Filter>
    </ClInclude>
    <ClInclude Include="DisplayConstants.h">
      <Filter>Header Files</Filter>
    </ClInclude>
    <ClInclude Include="JInclude.h">
      <Filter>Header Files</Filter>
    </ClInclude>
    <ClInclude Include="Event.h">
      <Filter>Header Files\Events</Filter>
    </ClInclude>
    <ClInclude Include="EventManager.h">
      <Filter>Header Files\Events</Filter>
    </ClInclude>
    <ClInclude Include="FirstTry.h">
      <Filter>Header Files\Upgrades</Filter>
    </ClInclude>
  </ItemGroup>
</Project>